dependencies:
- name: prometheus
  repository: https://prometheus-community.github.io/helm-charts
  version: 25.30.1
- name: opentelemetry-collector
  repository: https://open-telemetry.github.io/opentelemetry-helm-charts
  version: 0.114.0
- name: common
  repository: oci://docker.io/bitnamicharts
  version: 2.23.0
- name: grafana
  repository: https://grafana.github.io/helm-charts
  version: 8.10.1
digest: sha256:a2011210835948adbc541bd65c6a2ea56bd9bfb1a239c87bb29116e052ad0cb0
generated: "2025-06-15T16:39:46.615611907+01:00"
