dependencies:
- name: prometheus
  repository: https://prometheus-community.github.io/helm-charts
  version: 27.4.0
- name: opentelemetry-collector
  repository: https://open-telemetry.github.io/opentelemetry-helm-charts
  version: 0.114.0
- name: grafana
  repository: https://grafana.github.io/helm-charts
  version: 8.10.1
digest: sha256:3e3ff928729728e67ac14f1f4e485dd7ed9d41835694b0b1b4205e264cbd0f01
generated: "2025-07-10T23:01:26.804122726+01:00"
