dependencies:
- name: postgresql
  repository: oci://docker.io/bitnamicharts
  version: 16.7.17
- name: oauth2-proxy
  repository: https://oauth2-proxy.github.io/manifests
  version: 7.8.0
digest: sha256:a84afc8b67116a6e3a87d4a46d3f29e83041efef600162eb15db8d7d08637fad
generated: "2025-07-12T18:00:32.722645587+01:00"
